
Microsoft Visual Studio Solution File, Format Version 12.00
# Visual Studio Version 17
VisualStudioVersion = 17.3.32901.215
MinimumVisualStudioVersion = 10.0.40219.1
Project("{9A19103F-16F7-4668-BE54-9A1E7A4F7556}") = "TieRenTournament", "TieRenTournament.csproj", "{2BC61EAD-32AB-4C95-8BE0-0AE1462F716B}"
EndProject
Global
	GlobalSection(SolutionConfigurationPlatforms) = preSolution
		Debug|Any CPU = Debug|Any CPU
		Release|Any CPU = Release|Any CPU
	EndGlobalSection
	GlobalSection(ProjectConfigurationPlatforms) = postSolution
		{2BC61EAD-32AB-4C95-8BE0-0AE1462F716B}.Debug|Any CPU.ActiveCfg = Debug|Any CPU
		{2BC61EAD-32AB-4C95-8BE0-0AE1462F716B}.Debug|Any CPU.Build.0 = Debug|Any CPU
		{2BC61EAD-32AB-4C95-8BE0-0AE1462F716B}.Release|Any CPU.ActiveCfg = Release|Any CPU
		{2BC61EAD-32AB-4C95-8BE0-0AE1462F716B}.Release|Any CPU.Build.0 = Release|Any CPU
	EndGlobalSection
	GlobalSection(SolutionProperties) = preSolution
		HideSolutionNode = FALSE
	EndGlobalSection
	GlobalSection(ExtensibilityGlobals) = postSolution
		SolutionGuid = {79D52FFB-424A-47C0-9C83-97902FDF1F1E}
	EndGlobalSection
EndGlobal
